{
    "_readme": [
        "This file locks the dependencies of your project to a known state",
        "Read more about it at https://getcomposer.org/doc/01-basic-usage.md#installing-dependencies",
        "This file is @generated automatically"
    ],
    "content-hash": "19165fa51902d1e99777b6ae034653de",
    "packages": [
        {
            "name": "waughj/test-hash-item",
            "version": "v2.0.0",
            "source": {
                "type": "git",
                "url": "https://github.com/waughjai/test-hash-item.git",
                "reference": "fda88b7005a1314b480f9f8b7a1ae380c0d737c3"
            },
            "dist": {
                "type": "zip",
                "url": "https://api.github.com/repos/waughjai/test-hash-item/zipball/fda88b7005a1314b480f9f8b7a1ae380c0d737c3",
                "reference": "fda88b7005a1314b480f9f8b7a1ae380c0d737c3",
                "shasum": ""
            },
            "require": {
                "php": ">=7.0"
            },
            "require-dev": {
                "phpunit/phpunit": "*"
            },
            "type": "project",
            "autoload": {
                "psr-4": {
                    "WaughJ\\TestHashItem\\": "src/"
                }
            },
            "notification-url": "https://packagist.org/downloads/",
            "license": [
                "AGPL-3.0-or-later"
            ],
            "authors": [
                {
                    "name": "Jaimeson Waugh",
                    "email": "waughjai@gmail.com"
                }
            ],
            "description": "A collection o’ helper functions for testing properties o’ a hash item",
            "keywords": [
                "hash",
                "tests"
            ],
            "support": {
                "issues": "https://github.com/waughjai/test-hash-item/issues",
                "source": "https://github.com/waughjai/test-hash-item/tree/v2.0.0"
            },
            "time": "2019-06-04T19:21:04+00:00"
        }
    ],
    "packages-dev": [],
    "aliases": [],
    "minimum-stability": "stable",
    "stability-flags": [],
    "prefer-stable": false,
    "prefer-lowest": false,
    "platform": [],
    "platform-dev": [],
    "plugin-api-version": "2.3.0"
}
