{
    "_readme": [
        "This file locks the dependencies of your project to a known state",
        "Read more about it at https://getcomposer.org/doc/01-basic-usage.md#installing-dependencies",
        "This file is @generated automatically"
    ],
    "content-hash": "29e47e4aad6971254ba35eb6049c197c",
    "packages": [
        {
            "name": "waughj/test-hash-item",
            "version": "v2.0.0",
            "source": {
                "type": "git",
                "url": "https://github.com/waughjai/test-hash-item.git",
                "reference": "fda88b7005a1314b480f9f8b7a1ae380c0d737c3"
            },
            "dist": {
                "type": "zip",
                "url": "https://api.github.com/repos/waughjai/test-hash-item/zipball/fda88b7005a1314b480f9f8b7a1ae380c0d737c3",
                "reference": "fda88b7005a1314b480f9f8b7a1ae380c0d737c3",
                "shasum": ""
            },
            "require": {
                "php": ">=7.0"
            },
            "require-dev": {
                "phpunit/phpunit": "*"
            },
            "type": "project",
            "autoload": {
                "psr-4": {
                    "WaughJ\\TestHashItem\\": "src/"
                }
            },
            "notification-url": "https://packagist.org/downloads/",
            "license": [
                "AGPL-3.0-or-later"
            ],
            "authors": [
                {
                    "name": "Jaimeson Waugh",
                    "email": "waughjai@gmail.com"
                }
            ],
            "description": "A collection o’ helper functions for testing properties o’ a hash item",
            "keywords": [
                "hash",
                "tests"
            ],
            "support": {
                "issues": "https://github.com/waughjai/test-hash-item/issues",
                "source": "https://github.com/waughjai/test-hash-item/tree/v2.0.0"
            },
            "time": "2019-06-04T19:21:04+00:00"
        },
        {
            "name": "waughj/verified-arguments",
            "version": "v1.0.0",
            "source": {
                "type": "git",
                "url": "https://github.com/waughjai/verified-arguments.git",
                "reference": "8de99836fa2dc2606517c11e7199595f05bcfe58"
            },
            "dist": {
                "type": "zip",
                "url": "https://api.github.com/repos/waughjai/verified-arguments/zipball/8de99836fa2dc2606517c11e7199595f05bcfe58",
                "reference": "8de99836fa2dc2606517c11e7199595f05bcfe58",
                "shasum": ""
            },
            "require": {
                "php": ">=7.4"
            },
            "require-dev": {
                "phpunit/phpunit": "*"
            },
            "type": "library",
            "autoload": {
                "psr-4": {
                    "WaughJ\\VerifiedArguments\\": "src/"
                }
            },
            "notification-url": "https://packagist.org/downloads/",
            "license": [
                "GPL-2.0-or-later"
            ],
            "authors": [
                {
                    "name": "Jaimeson Waugh",
                    "email": "waughjai@gmail.com"
                }
            ],
            "description": "Class for generating special type of associative array/map with fallback default values, validity tests, and sanitizers.",
            "keywords": [
                "arguments",
                "array",
                "sanitizers",
                "tests"
            ],
            "support": {
                "issues": "https://github.com/waughjai/verified-arguments/issues",
                "source": "https://github.com/waughjai/verified-arguments/tree/v1.0.0"
            },
            "time": "2021-04-03T02:56:11+00:00"
        },
        {
            "name": "waughj/wp-meta-box",
            "version": "v0.3.0",
            "source": {
                "type": "git",
                "url": "https://github.com/waughjai/wp-meta-box.git",
                "reference": "aec3dd5646e49eade8ead674d85112bca87a0c7f"
            },
            "dist": {
                "type": "zip",
                "url": "https://api.github.com/repos/waughjai/wp-meta-box/zipball/aec3dd5646e49eade8ead674d85112bca87a0c7f",
                "reference": "aec3dd5646e49eade8ead674d85112bca87a0c7f",
                "shasum": ""
            },
            "require": {
                "php": ">=7.2",
                "waughj/test-hash-item": ">=2.0.0"
            },
            "require-dev": {
                "phpunit/phpunit": "*"
            },
            "type": "library",
            "autoload": {
                "psr-4": {
                    "WaughJ\\WPMetaBox\\": "src/"
                }
            },
            "notification-url": "https://packagist.org/downloads/",
            "license": [
                "AGPL-3.0-or-later"
            ],
            "authors": [
                {
                    "name": "Jaimeson Waugh",
                    "email": "waughjai@gmail.com"
                }
            ],
            "description": "Simple class for easily adding meta boxes for WordPress admin editors.",
            "keywords": [
                "meta",
                "meta box",
                "wordpress"
            ],
            "support": {
                "issues": "https://github.com/waughjai/wp-meta-box/issues",
                "source": "https://github.com/waughjai/wp-meta-box/tree/master"
            },
            "time": "2020-02-19T22:08:48+00:00"
        },
        {
            "name": "waughj/wp-post-type",
            "version": "v0.5.0",
            "source": {
                "type": "git",
                "url": "https://github.com/waughjai/wp-post-type.git",
                "reference": "5ab4534f5ee74d0580f0d3c0da67bf16cfa9ae61"
            },
            "dist": {
                "type": "zip",
                "url": "https://api.github.com/repos/waughjai/wp-post-type/zipball/5ab4534f5ee74d0580f0d3c0da67bf16cfa9ae61",
                "reference": "5ab4534f5ee74d0580f0d3c0da67bf16cfa9ae61",
                "shasum": ""
            },
            "require": {
                "php": ">=7.2",
                "waughj/test-hash-item": ">=2.0.0",
                "waughj/verified-arguments": "*",
                "waughj/wp-meta-box": ">=0.2.1"
            },
            "require-dev": {
                "phpunit/phpunit": "*"
            },
            "type": "library",
            "autoload": {
                "psr-4": {
                    "WaughJ\\WPPostType\\": "src/"
                }
            },
            "notification-url": "https://packagist.org/downloads/",
            "license": [
                "AGPL-3.0-or-later"
            ],
            "authors": [
                {
                    "name": "Jaimeson Waugh",
                    "email": "waughjai@gmail.com"
                }
            ],
            "description": "Simple class for easily creating new post types for a WordPress site.",
            "keywords": [
                "post",
                "type",
                "wordpress"
            ],
            "support": {
                "issues": "https://github.com/waughjai/wp-post-type/issues",
                "source": "https://github.com/waughjai/wp-post-type/tree/v0.5.0"
            },
            "time": "2020-02-10T23:56:50+00:00"
        }
    ],
    "packages-dev": [],
    "aliases": [],
    "minimum-stability": "stable",
    "stability-flags": [],
    "prefer-stable": false,
    "prefer-lowest": false,
    "platform": [],
    "platform-dev": [],
    "plugin-api-version": "2.3.0"
}
